
Microsoft Visual Studio Solution File, Format Version 12.00
# Visual Studio 15
VisualStudioVersion = 15.0.28307.489
MinimumVisualStudioVersion = 10.0.40219.1
Project("{FAE04EC0-301F-11D3-BF4B-00C04F79EFBC}") = "CSharpDelegates", "CSharpDelegates\CSharpDelegates.csproj", "{0DC59E35-E5E4-4B9A-A6C0-DE889BC598DC}"
EndProject
Global
	GlobalSection(SolutionConfigurationPlatforms) = preSolution
		Debug|Any CPU = Debug|Any CPU
		Release|Any CPU = Release|Any CPU
	EndGlobalSection
	GlobalSection(ProjectConfigurationPlatforms) = postSolution
		{0DC59E35-E5E4-4B9A-A6C0-DE889BC598DC}.Debug|Any CPU.ActiveCfg = Debug|Any CPU
		{0DC59E35-E5E4-4B9A-A6C0-DE889BC598DC}.Debug|Any CPU.Build.0 = Debug|Any CPU
		{0DC59E35-E5E4-4B9A-A6C0-DE889BC598DC}.Release|Any CPU.ActiveCfg = Release|Any CPU
		{0DC59E35-E5E4-4B9A-A6C0-DE889BC598DC}.Release|Any CPU.Build.0 = Release|Any CPU
	EndGlobalSection
	GlobalSection(SolutionProperties) = preSolution
		HideSolutionNode = FALSE
	EndGlobalSection
	GlobalSection(ExtensibilityGlobals) = postSolution
		SolutionGuid = {D88B28F8-08C9-4290-906C-1C3CD3518998}
	EndGlobalSection
EndGlobal
