
Microsoft Visual Studio Solution File, Format Version 12.00
# Visual Studio 15
VisualStudioVersion = 15.0.28307.489
MinimumVisualStudioVersion = 10.0.40219.1
Project("{FAE04EC0-301F-11D3-BF4B-00C04F79EFBC}") = "CSharpLinq", "CSharpLinq\CSharpLinq.csproj", "{DBBE3552-B6B8-40E7-8692-B92C8E79689D}"
EndProject
Global
	GlobalSection(SolutionConfigurationPlatforms) = preSolution
		Debug|Any CPU = Debug|Any CPU
		Release|Any CPU = Release|Any CPU
	EndGlobalSection
	GlobalSection(ProjectConfigurationPlatforms) = postSolution
		{DBBE3552-B6B8-40E7-8692-B92C8E79689D}.Debug|Any CPU.ActiveCfg = Debug|Any CPU
		{DBBE3552-B6B8-40E7-8692-B92C8E79689D}.Debug|Any CPU.Build.0 = Debug|Any CPU
		{DBBE3552-B6B8-40E7-8692-B92C8E79689D}.Release|Any CPU.ActiveCfg = Release|Any CPU
		{DBBE3552-B6B8-40E7-8692-B92C8E79689D}.Release|Any CPU.Build.0 = Release|Any CPU
	EndGlobalSection
	GlobalSection(SolutionProperties) = preSolution
		HideSolutionNode = FALSE
	EndGlobalSection
	GlobalSection(ExtensibilityGlobals) = postSolution
		SolutionGuid = {96144593-5FB2-4151-B9EB-8858D1CC743E}
	EndGlobalSection
EndGlobal
