
Microsoft Visual Studio Solution File, Format Version 12.00
# Visual Studio 15
VisualStudioVersion = 15.0.28307.489
MinimumVisualStudioVersion = 10.0.40219.1
Project("{FAE04EC0-301F-11D3-BF4B-00C04F79EFBC}") = "Extensibilityandinterfaces", "Extensibilityandinterfaces\Extensibilityandinterfaces.csproj", "{F07CD270-7F49-48FE-A7D7-0602D7558095}"
EndProject
Global
	GlobalSection(SolutionConfigurationPlatforms) = preSolution
		Debug|Any CPU = Debug|Any CPU
		Release|Any CPU = Release|Any CPU
	EndGlobalSection
	GlobalSection(ProjectConfigurationPlatforms) = postSolution
		{F07CD270-7F49-48FE-A7D7-0602D7558095}.Debug|Any CPU.ActiveCfg = Debug|Any CPU
		{F07CD270-7F49-48FE-A7D7-0602D7558095}.Debug|Any CPU.Build.0 = Debug|Any CPU
		{F07CD270-7F49-48FE-A7D7-0602D7558095}.Release|Any CPU.ActiveCfg = Release|Any CPU
		{F07CD270-7F49-48FE-A7D7-0602D7558095}.Release|Any CPU.Build.0 = Release|Any CPU
	EndGlobalSection
	GlobalSection(SolutionProperties) = preSolution
		HideSolutionNode = FALSE
	EndGlobalSection
	GlobalSection(ExtensibilityGlobals) = postSolution
		SolutionGuid = {3115693A-9C10-441F-BC01-B2006E3CF447}
	EndGlobalSection
EndGlobal
